
Microsoft Visual Studio Solution File, Format Version 12.00
# Visual Studio Version 16
VisualStudioVersion = 16.0.31410.357
MinimumVisualStudioVersion = 10.0.40219.1
Project("{9A19103F-16F7-4668-BE54-9A1E7A4F7556}") = "DesignPatterns.Composite", "DesignPatterns.Composite\DesignPatterns.Composite.csproj", "{D434BB73-EEAB-43DB-97D1-325AB072337E}"
EndProject
Project("{9A19103F-16F7-4668-BE54-9A1E7A4F7556}") = "DesignPatterns.FactoryMethod", "DesignPatterns.FactoryMethod\DesignPatterns.FactoryMethod.csproj", "{98616B64-439D-4FB8-9270-678918DB844F}"
EndProject
Project("{9A19103F-16F7-4668-BE54-9A1E7A4F7556}") = "DesignPatterns.Builder", "DesignPatterns.Builder\DesignPatterns.Builder.csproj", "{9464DF06-8E25-488F-99FE-046D97E7112F}"
EndProject
Project("{9A19103F-16F7-4668-BE54-9A1E7A4F7556}") = "DesignPatterns.Prototype", "DesignPatterns.Prototype\DesignPatterns.Prototype.csproj", "{8528464A-BF89-4CAD-999F-72E21BE3A9AA}"
EndProject
Project("{9A19103F-16F7-4668-BE54-9A1E7A4F7556}") = "DesignPatterns.Singleton", "DesignPatterns.Singleton\DesignPatterns.Singleton.csproj", "{0867BABE-5BA3-41B6-A3F3-5FA89C7E3957}"
EndProject
Project("{FAE04EC0-301F-11D3-BF4B-00C04F79EFBC}") = "DesignPatterns.Adapter", "DesignPatterns.Adapter\DesignPatterns.Adapter.csproj", "{FF77AC59-DE8A-427E-808C-F1C004E20B2C}"
EndProject
Project("{FAE04EC0-301F-11D3-BF4B-00C04F79EFBC}") = "DesignPatterns.Decorator", "DesignPatterns.Decorator\DesignPatterns.Decorator.csproj", "{3429C309-BBC9-4DA9-867F-C2D654BF4FFB}"
EndProject
Project("{FAE04EC0-301F-11D3-BF4B-00C04F79EFBC}") = "DesignPatterns.Facade", "DesignPatterns.Facade\DesignPatterns.Facade.csproj", "{9D6C2B72-0031-42E3-AF9C-8929B9B02525}"
EndProject
Project("{FAE04EC0-301F-11D3-BF4B-00C04F79EFBC}") = "DesignPatterns.FlyWeight", "DesignPatterns.FlyWeight\DesignPatterns.FlyWeight.csproj", "{E33A6ADB-70B5-43CD-8AB7-C2CEDD02008E}"
EndProject
Project("{FAE04EC0-301F-11D3-BF4B-00C04F79EFBC}") = "DesignPatterns.Proxy", "DesignPatterns.Proxy\DesignPatterns.Proxy.csproj", "{8D1DB0DF-57BB-4D85-9103-A8BE250CC23B}"
EndProject
Project("{2150E333-8FDC-42A3-9474-1A3956D46DE8}") = "Criacionais", "Criacionais", "{C4C5BC08-A099-48D3-B98E-549F4A72A471}"
EndProject
Project("{2150E333-8FDC-42A3-9474-1A3956D46DE8}") = "Estruturais", "Estruturais", "{C3BC50F9-3646-4AA6-87A0-284BDFA2D1A4}"
EndProject
Project("{2150E333-8FDC-42A3-9474-1A3956D46DE8}") = "Macoratti", "Macoratti", "{F0E692C0-AE39-4FAB-9555-EC1CD26BCC88}"
EndProject
Project("{2150E333-8FDC-42A3-9474-1A3956D46DE8}") = "Comportamentais", "Comportamentais", "{9742B303-5AE4-44C0-B49D-818DA089D463}"
EndProject
Project("{FAE04EC0-301F-11D3-BF4B-00C04F79EFBC}") = "DesignPatterns.ChainOfResponsibility", "DesignPatterns.ChainOfResponsibility\DesignPatterns.ChainOfResponsibility.csproj", "{3982F05B-C818-454F-B392-EE1C05958361}"
EndProject
Project("{FAE04EC0-301F-11D3-BF4B-00C04F79EFBC}") = "DesignPatterns.Command", "DesignPatterns.Command\DesignPatterns.Command.csproj", "{BFA9C7D7-C03E-45B5-A850-591DD398886B}"
EndProject
Global
	GlobalSection(SolutionConfigurationPlatforms) = preSolution
		Debug|Any CPU = Debug|Any CPU
		Release|Any CPU = Release|Any CPU
	EndGlobalSection
	GlobalSection(ProjectConfigurationPlatforms) = postSolution
		{D434BB73-EEAB-43DB-97D1-325AB072337E}.Debug|Any CPU.ActiveCfg = Debug|Any CPU
		{D434BB73-EEAB-43DB-97D1-325AB072337E}.Debug|Any CPU.Build.0 = Debug|Any CPU
		{D434BB73-EEAB-43DB-97D1-325AB072337E}.Release|Any CPU.ActiveCfg = Release|Any CPU
		{D434BB73-EEAB-43DB-97D1-325AB072337E}.Release|Any CPU.Build.0 = Release|Any CPU
		{98616B64-439D-4FB8-9270-678918DB844F}.Debug|Any CPU.ActiveCfg = Debug|Any CPU
		{98616B64-439D-4FB8-9270-678918DB844F}.Debug|Any CPU.Build.0 = Debug|Any CPU
		{98616B64-439D-4FB8-9270-678918DB844F}.Release|Any CPU.ActiveCfg = Release|Any CPU
		{98616B64-439D-4FB8-9270-678918DB844F}.Release|Any CPU.Build.0 = Release|Any CPU
		{9464DF06-8E25-488F-99FE-046D97E7112F}.Debug|Any CPU.ActiveCfg = Debug|Any CPU
		{9464DF06-8E25-488F-99FE-046D97E7112F}.Debug|Any CPU.Build.0 = Debug|Any CPU
		{9464DF06-8E25-488F-99FE-046D97E7112F}.Release|Any CPU.ActiveCfg = Release|Any CPU
		{9464DF06-8E25-488F-99FE-046D97E7112F}.Release|Any CPU.Build.0 = Release|Any CPU
		{8528464A-BF89-4CAD-999F-72E21BE3A9AA}.Debug|Any CPU.ActiveCfg = Debug|Any CPU
		{8528464A-BF89-4CAD-999F-72E21BE3A9AA}.Debug|Any CPU.Build.0 = Debug|Any CPU
		{8528464A-BF89-4CAD-999F-72E21BE3A9AA}.Release|Any CPU.ActiveCfg = Release|Any CPU
		{8528464A-BF89-4CAD-999F-72E21BE3A9AA}.Release|Any CPU.Build.0 = Release|Any CPU
		{0867BABE-5BA3-41B6-A3F3-5FA89C7E3957}.Debug|Any CPU.ActiveCfg = Debug|Any CPU
		{0867BABE-5BA3-41B6-A3F3-5FA89C7E3957}.Debug|Any CPU.Build.0 = Debug|Any CPU
		{0867BABE-5BA3-41B6-A3F3-5FA89C7E3957}.Release|Any CPU.ActiveCfg = Release|Any CPU
		{0867BABE-5BA3-41B6-A3F3-5FA89C7E3957}.Release|Any CPU.Build.0 = Release|Any CPU
		{FF77AC59-DE8A-427E-808C-F1C004E20B2C}.Debug|Any CPU.ActiveCfg = Debug|Any CPU
		{FF77AC59-DE8A-427E-808C-F1C004E20B2C}.Debug|Any CPU.Build.0 = Debug|Any CPU
		{FF77AC59-DE8A-427E-808C-F1C004E20B2C}.Release|Any CPU.ActiveCfg = Release|Any CPU
		{FF77AC59-DE8A-427E-808C-F1C004E20B2C}.Release|Any CPU.Build.0 = Release|Any CPU
		{3429C309-BBC9-4DA9-867F-C2D654BF4FFB}.Debug|Any CPU.ActiveCfg = Debug|Any CPU
		{3429C309-BBC9-4DA9-867F-C2D654BF4FFB}.Debug|Any CPU.Build.0 = Debug|Any CPU
		{3429C309-BBC9-4DA9-867F-C2D654BF4FFB}.Release|Any CPU.ActiveCfg = Release|Any CPU
		{3429C309-BBC9-4DA9-867F-C2D654BF4FFB}.Release|Any CPU.Build.0 = Release|Any CPU
		{9D6C2B72-0031-42E3-AF9C-8929B9B02525}.Debug|Any CPU.ActiveCfg = Debug|Any CPU
		{9D6C2B72-0031-42E3-AF9C-8929B9B02525}.Debug|Any CPU.Build.0 = Debug|Any CPU
		{9D6C2B72-0031-42E3-AF9C-8929B9B02525}.Release|Any CPU.ActiveCfg = Release|Any CPU
		{9D6C2B72-0031-42E3-AF9C-8929B9B02525}.Release|Any CPU.Build.0 = Release|Any CPU
		{E33A6ADB-70B5-43CD-8AB7-C2CEDD02008E}.Debug|Any CPU.ActiveCfg = Debug|Any CPU
		{E33A6ADB-70B5-43CD-8AB7-C2CEDD02008E}.Debug|Any CPU.Build.0 = Debug|Any CPU
		{E33A6ADB-70B5-43CD-8AB7-C2CEDD02008E}.Release|Any CPU.ActiveCfg = Release|Any CPU
		{E33A6ADB-70B5-43CD-8AB7-C2CEDD02008E}.Release|Any CPU.Build.0 = Release|Any CPU
		{8D1DB0DF-57BB-4D85-9103-A8BE250CC23B}.Debug|Any CPU.ActiveCfg = Debug|Any CPU
		{8D1DB0DF-57BB-4D85-9103-A8BE250CC23B}.Debug|Any CPU.Build.0 = Debug|Any CPU
		{8D1DB0DF-57BB-4D85-9103-A8BE250CC23B}.Release|Any CPU.ActiveCfg = Release|Any CPU
		{8D1DB0DF-57BB-4D85-9103-A8BE250CC23B}.Release|Any CPU.Build.0 = Release|Any CPU
		{3982F05B-C818-454F-B392-EE1C05958361}.Debug|Any CPU.ActiveCfg = Debug|Any CPU
		{3982F05B-C818-454F-B392-EE1C05958361}.Debug|Any CPU.Build.0 = Debug|Any CPU
		{3982F05B-C818-454F-B392-EE1C05958361}.Release|Any CPU.ActiveCfg = Release|Any CPU
		{3982F05B-C818-454F-B392-EE1C05958361}.Release|Any CPU.Build.0 = Release|Any CPU
		{BFA9C7D7-C03E-45B5-A850-591DD398886B}.Debug|Any CPU.ActiveCfg = Debug|Any CPU
		{BFA9C7D7-C03E-45B5-A850-591DD398886B}.Debug|Any CPU.Build.0 = Debug|Any CPU
		{BFA9C7D7-C03E-45B5-A850-591DD398886B}.Release|Any CPU.ActiveCfg = Release|Any CPU
		{BFA9C7D7-C03E-45B5-A850-591DD398886B}.Release|Any CPU.Build.0 = Release|Any CPU
	EndGlobalSection
	GlobalSection(SolutionProperties) = preSolution
		HideSolutionNode = FALSE
	EndGlobalSection
	GlobalSection(NestedProjects) = preSolution
		{D434BB73-EEAB-43DB-97D1-325AB072337E} = {C3BC50F9-3646-4AA6-87A0-284BDFA2D1A4}
		{98616B64-439D-4FB8-9270-678918DB844F} = {C4C5BC08-A099-48D3-B98E-549F4A72A471}
		{9464DF06-8E25-488F-99FE-046D97E7112F} = {C4C5BC08-A099-48D3-B98E-549F4A72A471}
		{8528464A-BF89-4CAD-999F-72E21BE3A9AA} = {C4C5BC08-A099-48D3-B98E-549F4A72A471}
		{0867BABE-5BA3-41B6-A3F3-5FA89C7E3957} = {C4C5BC08-A099-48D3-B98E-549F4A72A471}
		{FF77AC59-DE8A-427E-808C-F1C004E20B2C} = {C3BC50F9-3646-4AA6-87A0-284BDFA2D1A4}
		{3429C309-BBC9-4DA9-867F-C2D654BF4FFB} = {C3BC50F9-3646-4AA6-87A0-284BDFA2D1A4}
		{9D6C2B72-0031-42E3-AF9C-8929B9B02525} = {C3BC50F9-3646-4AA6-87A0-284BDFA2D1A4}
		{E33A6ADB-70B5-43CD-8AB7-C2CEDD02008E} = {C3BC50F9-3646-4AA6-87A0-284BDFA2D1A4}
		{8D1DB0DF-57BB-4D85-9103-A8BE250CC23B} = {C3BC50F9-3646-4AA6-87A0-284BDFA2D1A4}
		{C4C5BC08-A099-48D3-B98E-549F4A72A471} = {F0E692C0-AE39-4FAB-9555-EC1CD26BCC88}
		{C3BC50F9-3646-4AA6-87A0-284BDFA2D1A4} = {F0E692C0-AE39-4FAB-9555-EC1CD26BCC88}
		{9742B303-5AE4-44C0-B49D-818DA089D463} = {F0E692C0-AE39-4FAB-9555-EC1CD26BCC88}
		{3982F05B-C818-454F-B392-EE1C05958361} = {9742B303-5AE4-44C0-B49D-818DA089D463}
		{BFA9C7D7-C03E-45B5-A850-591DD398886B} = {9742B303-5AE4-44C0-B49D-818DA089D463}
	EndGlobalSection
	GlobalSection(ExtensibilityGlobals) = postSolution
		SolutionGuid = {9EE21B52-C919-4460-B56A-15ABA0552E9A}
	EndGlobalSection
EndGlobal
