
Microsoft Visual Studio Solution File, Format Version 12.00
# Visual Studio Version 16
VisualStudioVersion = 16.0.810.23
MinimumVisualStudioVersion = 10.0.40219.1
Project("{FAE04EC0-301F-11D3-BF4B-00C04F79EFBC}") = "DesignPatterns.AbstractFactory", "DesignPatterns.AbstractFactory\DesignPatterns.AbstractFactory.csproj", "{98464AED-A5D1-4171-8731-E64D104BD557}"
EndProject
Project("{FAE04EC0-301F-11D3-BF4B-00C04F79EFBC}") = "DesignPatterns.Prototype", "DesignPatterns.Prototype\DesignPatterns.Prototype.csproj", "{B759E4E2-880C-46CE-A1D3-E2BE50FD734E}"
EndProject
Project("{FAE04EC0-301F-11D3-BF4B-00C04F79EFBC}") = "DesignPatterns.FactoryMethod", "DesignPatterns.FactoryMethod\DesignPatterns.FactoryMethod.csproj", "{E990031D-B6C9-447A-823E-FEF3592A47E8}"
EndProject
Project("{FAE04EC0-301F-11D3-BF4B-00C04F79EFBC}") = "DesignPatterns.Adapter", "DesignPatterns.Adapter\DesignPatterns.Adapter.csproj", "{6CB852DE-9B57-42BB-9CB1-7640B97A5347}"
EndProject
Project("{FAE04EC0-301F-11D3-BF4B-00C04F79EFBC}") = "DesignPatterns.Composite", "DesignPatterns.Composite\DesignPatterns.Composite.csproj", "{D523F99E-3A18-4892-B14E-4559C9065C9E}"
EndProject
Project("{FAE04EC0-301F-11D3-BF4B-00C04F79EFBC}") = "DesignPatterns.Proxy", "DesignPatterns.Proxy\DesignPatterns.Proxy.csproj", "{71A1E680-24C1-4327-BE9D-5D7F1820CFE4}"
EndProject
Project("{FAE04EC0-301F-11D3-BF4B-00C04F79EFBC}") = "DesignPatterns.Command", "DesignPatterns.Command\DesignPatterns.Command.csproj", "{52E8FD21-83FC-4668-A720-59DDC4FEBA1A}"
EndProject
Global
	GlobalSection(SolutionConfigurationPlatforms) = preSolution
		Debug|Any CPU = Debug|Any CPU
		Release|Any CPU = Release|Any CPU
	EndGlobalSection
	GlobalSection(ProjectConfigurationPlatforms) = postSolution
		{98464AED-A5D1-4171-8731-E64D104BD557}.Debug|Any CPU.ActiveCfg = Debug|Any CPU
		{98464AED-A5D1-4171-8731-E64D104BD557}.Debug|Any CPU.Build.0 = Debug|Any CPU
		{98464AED-A5D1-4171-8731-E64D104BD557}.Release|Any CPU.ActiveCfg = Release|Any CPU
		{98464AED-A5D1-4171-8731-E64D104BD557}.Release|Any CPU.Build.0 = Release|Any CPU
		{B759E4E2-880C-46CE-A1D3-E2BE50FD734E}.Debug|Any CPU.ActiveCfg = Debug|Any CPU
		{B759E4E2-880C-46CE-A1D3-E2BE50FD734E}.Debug|Any CPU.Build.0 = Debug|Any CPU
		{B759E4E2-880C-46CE-A1D3-E2BE50FD734E}.Release|Any CPU.ActiveCfg = Release|Any CPU
		{B759E4E2-880C-46CE-A1D3-E2BE50FD734E}.Release|Any CPU.Build.0 = Release|Any CPU
		{E990031D-B6C9-447A-823E-FEF3592A47E8}.Debug|Any CPU.ActiveCfg = Debug|Any CPU
		{E990031D-B6C9-447A-823E-FEF3592A47E8}.Debug|Any CPU.Build.0 = Debug|Any CPU
		{E990031D-B6C9-447A-823E-FEF3592A47E8}.Release|Any CPU.ActiveCfg = Release|Any CPU
		{E990031D-B6C9-447A-823E-FEF3592A47E8}.Release|Any CPU.Build.0 = Release|Any CPU
		{6CB852DE-9B57-42BB-9CB1-7640B97A5347}.Debug|Any CPU.ActiveCfg = Debug|Any CPU
		{6CB852DE-9B57-42BB-9CB1-7640B97A5347}.Debug|Any CPU.Build.0 = Debug|Any CPU
		{6CB852DE-9B57-42BB-9CB1-7640B97A5347}.Release|Any CPU.ActiveCfg = Release|Any CPU
		{6CB852DE-9B57-42BB-9CB1-7640B97A5347}.Release|Any CPU.Build.0 = Release|Any CPU
		{D523F99E-3A18-4892-B14E-4559C9065C9E}.Debug|Any CPU.ActiveCfg = Debug|Any CPU
		{D523F99E-3A18-4892-B14E-4559C9065C9E}.Debug|Any CPU.Build.0 = Debug|Any CPU
		{D523F99E-3A18-4892-B14E-4559C9065C9E}.Release|Any CPU.ActiveCfg = Release|Any CPU
		{D523F99E-3A18-4892-B14E-4559C9065C9E}.Release|Any CPU.Build.0 = Release|Any CPU
		{71A1E680-24C1-4327-BE9D-5D7F1820CFE4}.Debug|Any CPU.ActiveCfg = Debug|Any CPU
		{71A1E680-24C1-4327-BE9D-5D7F1820CFE4}.Debug|Any CPU.Build.0 = Debug|Any CPU
		{71A1E680-24C1-4327-BE9D-5D7F1820CFE4}.Release|Any CPU.ActiveCfg = Release|Any CPU
		{71A1E680-24C1-4327-BE9D-5D7F1820CFE4}.Release|Any CPU.Build.0 = Release|Any CPU
		{52E8FD21-83FC-4668-A720-59DDC4FEBA1A}.Debug|Any CPU.ActiveCfg = Debug|Any CPU
		{52E8FD21-83FC-4668-A720-59DDC4FEBA1A}.Debug|Any CPU.Build.0 = Debug|Any CPU
		{52E8FD21-83FC-4668-A720-59DDC4FEBA1A}.Release|Any CPU.ActiveCfg = Release|Any CPU
		{52E8FD21-83FC-4668-A720-59DDC4FEBA1A}.Release|Any CPU.Build.0 = Release|Any CPU
	EndGlobalSection
	GlobalSection(SolutionProperties) = preSolution
		HideSolutionNode = FALSE
	EndGlobalSection
	GlobalSection(ExtensibilityGlobals) = postSolution
		SolutionGuid = {E9898836-68BE-4637-9C09-24837C990032}
	EndGlobalSection
EndGlobal
